{
    "version": 3,
    "terraform_version": "0.10.0",
    "serial": 12,
    "lineage": "0c2cd3fc-ed70-4d3c-803b-c16c712b398c",
    "modules": [
        {
            "path": [
                "root"
            ],
            "outputs": {},
            "resources": {
                "alicloud_security_group.sg": {
                    "type": "alicloud_security_group",
                    "depends_on": [
                        "alicloud_vpc.default"
                    ],
                    "primary": {
                        "id": "sg-m5eisotv99f17u9l1t2e",
                        "attributes": {
                            "description": "tf_sg",
                            "id": "sg-m5eisotv99f17u9l1t2e",
                            "name": "bosh_init_sg_911",
                            "vpc_id": "vpc-m5es6stgo8731tx7wemtw"
                        },
                        "meta": {},
                        "tainted": false
                    },
                    "deposed": [],
                    "provider": ""
                },
                "alicloud_security_group_rule.all-in": {
                    "type": "alicloud_security_group_rule",
                    "depends_on": [
                        "alicloud_security_group.sg"
                    ],
                    "primary": {
                        "id": "sg-m5eisotv99f17u9l1t2e:ingress:all:-1/-1:intranet:0.0.0.0/0",
                        "attributes": {
                            "cidr_ip": "0.0.0.0/0",
                            "id": "sg-m5eisotv99f17u9l1t2e:ingress:all:-1/-1:intranet:0.0.0.0/0",
                            "ip_protocol": "all",
                            "nic_type": "intranet",
                            "policy": "accept",
                            "port_range": "-1/-1",
                            "priority": "1",
                            "security_group_id": "sg-m5eisotv99f17u9l1t2e",
                            "source_group_owner_account": "",
                            "source_security_group_id": "",
                            "type": "ingress"
                        },
                        "meta": {},
                        "tainted": false
                    },
                    "deposed": [],
                    "provider": ""
                },
                "alicloud_security_group_rule.boshagent": {
                    "type": "alicloud_security_group_rule",
                    "depends_on": [
                        "alicloud_security_group.sg"
                    ],
                    "primary": {
                        "id": "sg-m5eisotv99f17u9l1t2e:ingress:tcp:6868/6868:intranet:0.0.0.0/0",
                        "attributes": {
                            "cidr_ip": "0.0.0.0/0",
                            "id": "sg-m5eisotv99f17u9l1t2e:ingress:tcp:6868/6868:intranet:0.0.0.0/0",
                            "ip_protocol": "tcp",
                            "nic_type": "intranet",
                            "policy": "accept",
                            "port_range": "6868/6868",
                            "priority": "1",
                            "security_group_id": "sg-m5eisotv99f17u9l1t2e",
                            "source_group_owner_account": "",
                            "source_security_group_id": "",
                            "type": "ingress"
                        },
                        "meta": {},
                        "tainted": false
                    },
                    "deposed": [],
                    "provider": ""
                },
                "alicloud_security_group_rule.boshtarget": {
                    "type": "alicloud_security_group_rule",
                    "depends_on": [
                        "alicloud_security_group.sg"
                    ],
                    "primary": {
                        "id": "sg-m5eisotv99f17u9l1t2e:ingress:tcp:25555/25555:intranet:0.0.0.0/0",
                        "attributes": {
                            "cidr_ip": "0.0.0.0/0",
                            "id": "sg-m5eisotv99f17u9l1t2e:ingress:tcp:25555/25555:intranet:0.0.0.0/0",
                            "ip_protocol": "tcp",
                            "nic_type": "intranet",
                            "policy": "accept",
                            "port_range": "25555/25555",
                            "priority": "1",
                            "security_group_id": "sg-m5eisotv99f17u9l1t2e",
                            "source_group_owner_account": "",
                            "source_security_group_id": "",
                            "type": "ingress"
                        },
                        "meta": {},
                        "tainted": false
                    },
                    "deposed": [],
                    "provider": ""
                },
                "alicloud_security_group_rule.http-out": {
                    "type": "alicloud_security_group_rule",
                    "depends_on": [
                        "alicloud_security_group.sg"
                    ],
                    "primary": {
                        "id": "sg-m5eisotv99f17u9l1t2e:egress:all:-1/-1:intranet:0.0.0.0/0",
                        "attributes": {
                            "cidr_ip": "0.0.0.0/0",
                            "id": "sg-m5eisotv99f17u9l1t2e:egress:all:-1/-1:intranet:0.0.0.0/0",
                            "ip_protocol": "all",
                            "nic_type": "intranet",
                            "policy": "accept",
                            "port_range": "-1/-1",
                            "priority": "1",
                            "security_group_id": "sg-m5eisotv99f17u9l1t2e",
                            "source_group_owner_account": "",
                            "source_security_group_id": "",
                            "type": "egress"
                        },
                        "meta": {},
                        "tainted": false
                    },
                    "deposed": [],
                    "provider": ""
                },
                "alicloud_security_group_rule.ssh": {
                    "type": "alicloud_security_group_rule",
                    "depends_on": [
                        "alicloud_security_group.sg"
                    ],
                    "primary": {
                        "id": "sg-m5eisotv99f17u9l1t2e:ingress:tcp:22/22:intranet:0.0.0.0/0",
                        "attributes": {
                            "cidr_ip": "0.0.0.0/0",
                            "id": "sg-m5eisotv99f17u9l1t2e:ingress:tcp:22/22:intranet:0.0.0.0/0",
                            "ip_protocol": "tcp",
                            "nic_type": "intranet",
                            "policy": "accept",
                            "port_range": "22/22",
                            "priority": "1",
                            "security_group_id": "sg-m5eisotv99f17u9l1t2e",
                            "source_group_owner_account": "",
                            "source_security_group_id": "",
                            "type": "ingress"
                        },
                        "meta": {},
                        "tainted": false
                    },
                    "deposed": [],
                    "provider": ""
                },
                "alicloud_vpc.default": {
                    "type": "alicloud_vpc",
                    "depends_on": [],
                    "primary": {
                        "id": "vpc-m5es6stgo8731tx7wemtw",
                        "attributes": {
                            "cidr_block": "172.16.0.0/24",
                            "description": "",
                            "id": "vpc-m5es6stgo8731tx7wemtw",
                            "name": "concourse__911",
                            "route_table_id": "vtb-m5eolj6u9cj95r2wo182e",
                            "router_id": "vrt-m5ea4nyroney2k2k5eeqd",
                            "router_table_id": "vtb-m5eolj6u9cj95r2wo182e"
                        },
                        "meta": {},
                        "tainted": false
                    },
                    "deposed": [],
                    "provider": ""
                },
                "alicloud_vswitch.default": {
                    "type": "alicloud_vswitch",
                    "depends_on": [
                        "alicloud_vpc.default",
                        "data.alicloud_zones.default"
                    ],
                    "primary": {
                        "id": "vsw-m5er7k7ditrnwwcd9851f",
                        "attributes": {
                            "availability_zone": "cn-qingdao-c",
                            "cidr_block": "172.16.0.0/24",
                            "description": "",
                            "id": "vsw-m5er7k7ditrnwwcd9851f",
                            "name": "",
                            "vpc_id": "vpc-m5es6stgo8731tx7wemtw"
                        },
                        "meta": {},
                        "tainted": false
                    },
                    "deposed": [],
                    "provider": ""
                },
                "data.alicloud_instance_types.1c2g": {
                    "type": "alicloud_instance_types",
                    "depends_on": [],
                    "primary": {
                        "id": "2082284166",
                        "attributes": {
                            "cpu_core_count": "2",
                            "id": "2082284166",
                            "instance_types.#": "4",
                            "instance_types.0.cpu_core_count": "2",
                            "instance_types.0.family": "ecs.n4",
                            "instance_types.0.id": "ecs.n4.large",
                            "instance_types.0.memory_size": "4",
                            "instance_types.1.cpu_core_count": "2",
                            "instance_types.1.family": "ecs.sn1ne",
                            "instance_types.1.id": "ecs.sn1ne.large",
                            "instance_types.1.memory_size": "4",
                            "instance_types.2.cpu_core_count": "2",
                            "instance_types.2.family": "ecs.c5",
                            "instance_types.2.id": "ecs.c5.large",
                            "instance_types.2.memory_size": "4",
                            "instance_types.3.cpu_core_count": "2",
                            "instance_types.3.family": "ecs.hfc5",
                            "instance_types.3.id": "ecs.hfc5.large",
                            "instance_types.3.memory_size": "4",
                            "memory_size": "4"
                        },
                        "meta": {},
                        "tainted": false
                    },
                    "deposed": [],
                    "provider": ""
                },
                "data.alicloud_zones.default": {
                    "type": "alicloud_zones",
                    "depends_on": [
                        "data.alicloud_instance_types.1c2g"
                    ],
                    "primary": {
                        "id": "1039520041",
                        "attributes": {
                            "available_disk_category": "cloud_efficiency",
                            "available_instance_type": "ecs.sn1ne.large",
                            "id": "1039520041",
                            "zones.#": "1",
                            "zones.0.available_disk_categories.#": "2",
                            "zones.0.available_disk_categories.0": "cloud_ssd",
                            "zones.0.available_disk_categories.1": "cloud_efficiency",
                            "zones.0.available_instance_types.#": "101",
                            "zones.0.available_instance_types.0": "ecs.c5.large",
                            "zones.0.available_instance_types.1": "ecs.hfc5.xlarge",
                            "zones.0.available_instance_types.10": "ecs.xn4.small",
                            "zones.0.available_instance_types.100": "ecs.g5.8xlarge",
                            "zones.0.available_instance_types.11": "ecs.gn5-c8g1.8xlarge",
                            "zones.0.available_instance_types.12": "ecs.sn2ne.8xlarge",
                            "zones.0.available_instance_types.13": "ecs.mn4.large",
                            "zones.0.available_instance_types.14": "ecs.sn1.7xlarge",
                            "zones.0.available_instance_types.15": "ecs.mn4.8xlarge",
                            "zones.0.available_instance_types.16": "ecs.n4.2xlarge",
                            "zones.0.available_instance_types.17": "ecs.r5.22xlarge",
                            "zones.0.available_instance_types.18": "ecs.hfg5.4xlarge",
                            "zones.0.available_instance_types.19": "ecs.g5.large",
                            "zones.0.available_instance_types.2": "ecs.r5.large",
                            "zones.0.available_instance_types.20": "ecs.hfc5.2xlarge",
                            "zones.0.available_instance_types.21": "ecs.i2.16xlarge",
                            "zones.0.available_instance_types.22": "ecs.se1.8xlarge",
                            "zones.0.available_instance_types.23": "ecs.sn2.3xlarge",
                            "zones.0.available_instance_types.24": "ecs.i2.xlarge",
                            "zones.0.available_instance_types.25": "ecs.se1ne.large",
                            "zones.0.available_instance_types.26": "ecs.i2.2xlarge",
                            "zones.0.available_instance_types.27": "ecs.sn1.large",
                            "zones.0.available_instance_types.28": "ecs.mn4.xlarge",
                            "zones.0.available_instance_types.29": "ecs.hfg5.large",
                            "zones.0.available_instance_types.3": "ecs.hfg5.8xlarge",
                            "zones.0.available_instance_types.30": "ecs.g5.4xlarge",
                            "zones.0.available_instance_types.31": "ecs.g5.xlarge",
                            "zones.0.available_instance_types.32": "ecs.hfc5.4xlarge",
                            "zones.0.available_instance_types.33": "ecs.r5.8xlarge",
                            "zones.0.available_instance_types.34": "ecs.se1ne.xlarge",
                            "zones.0.available_instance_types.35": "ecs.se1ne.4xlarge",
                            "zones.0.available_instance_types.36": "ecs.sn1.medium",
                            "zones.0.available_instance_types.37": "ecs.n4.8xlarge",
                            "zones.0.available_instance_types.38": "ecs.e4.xlarge",
                            "zones.0.available_instance_types.39": "ecs.d1ne.6xlarge",
                            "zones.0.available_instance_types.4": "ecs.sn2.7xlarge",
                            "zones.0.available_instance_types.40": "ecs.n4.large",
                            "zones.0.available_instance_types.41": "ecs.g5.16xlarge",
                            "zones.0.available_instance_types.42": "ecs.se1.4xlarge",
                            "zones.0.available_instance_types.43": "ecs.i2.8xlarge",
                            "zones.0.available_instance_types.44": "ecs.hfc5.6xlarge",
                            "zones.0.available_instance_types.45": "ecs.i2.4xlarge",
                            "zones.0.available_instance_types.46": "ecs.sn1.xlarge",
                            "zones.0.available_instance_types.47": "ecs.d1ne.2xlarge",
                            "zones.0.available_instance_types.48": "ecs.gn5-c8g1.14xlarge",
                            "zones.0.available_instance_types.49": "ecs.hfc5.8xlarge",
                            "zones.0.available_instance_types.5": "ecs.sn2ne.14xlarge",
                            "zones.0.available_instance_types.50": "ecs.n4.4xlarge",
                            "zones.0.available_instance_types.51": "ecs.r5.xlarge",
                            "zones.0.available_instance_types.52": "ecs.r5.16xlarge",
                            "zones.0.available_instance_types.53": "ecs.se1ne.2xlarge",
                            "zones.0.available_instance_types.54": "ecs.hfg5.6xlarge",
                            "zones.0.available_instance_types.55": "ecs.hfg5.xlarge",
                            "zones.0.available_instance_types.56": "ecs.c5.16xlarge",
                            "zones.0.available_instance_types.57": "ecs.d1ne.8xlarge",
                            "zones.0.available_instance_types.58": "ecs.se1.14xlarge",
                            "zones.0.available_instance_types.59": "ecs.sn2ne.4xlarge",
                            "zones.0.available_instance_types.6": "ecs.sn2.medium",
                            "zones.0.available_instance_types.60": "ecs.sn1ne.8xlarge",
                            "zones.0.available_instance_types.61": "ecs.mn4.2xlarge",
                            "zones.0.available_instance_types.62": "ecs.sn2ne.large",
                            "zones.0.available_instance_types.63": "ecs.sn2ne.xlarge",
                            "zones.0.available_instance_types.64": "ecs.e4.4xlarge",
                            "zones.0.available_instance_types.65": "ecs.sn1ne.2xlarge",
                            "zones.0.available_instance_types.66": "ecs.e4.small",
                            "zones.0.available_instance_types.67": "ecs.c5.8xlarge",
                            "zones.0.available_instance_types.68": "ecs.sn2ne.2xlarge",
                            "zones.0.available_instance_types.69": "ecs.n4.small",
                            "zones.0.available_instance_types.7": "ecs.d1ne.4xlarge",
                            "zones.0.available_instance_types.70": "ecs.gn5t.7xlarge",
                            "zones.0.available_instance_types.71": "ecs.sn1ne.xlarge",
                            "zones.0.available_instance_types.72": "ecs.sn2.large",
                            "zones.0.available_instance_types.73": "ecs.g5.6xlarge",
                            "zones.0.available_instance_types.74": "ecs.se1.xlarge",
                            "zones.0.available_instance_types.75": "ecs.r5.4xlarge",
                            "zones.0.available_instance_types.76": "ecs.r5.2xlarge",
                            "zones.0.available_instance_types.77": "ecs.d1ne.14xlarge",
                            "zones.0.available_instance_types.78": "ecs.e4.large",
                            "zones.0.available_instance_types.79": "ecs.se1.2xlarge",
                            "zones.0.available_instance_types.8": "ecs.n4.xlarge",
                            "zones.0.available_instance_types.80": "ecs.se1ne.14xlarge",
                            "zones.0.available_instance_types.81": "ecs.gn5t.14xlarge",
                            "zones.0.available_instance_types.82": "ecs.sn2.xlarge",
                            "zones.0.available_instance_types.83": "ecs.e4.2xlarge",
                            "zones.0.available_instance_types.84": "ecs.sn1ne.large",
                            "zones.0.available_instance_types.85": "ecs.sn1.3xlarge",
                            "zones.0.available_instance_types.86": "ecs.hfg5.2xlarge",
                            "zones.0.available_instance_types.87": "ecs.g5.2xlarge",
                            "zones.0.available_instance_types.88": "ecs.c5.6xlarge",
                            "zones.0.available_instance_types.89": "ecs.c5.2xlarge",
                            "zones.0.available_instance_types.9": "ecs.se1.large",
                            "zones.0.available_instance_types.90": "ecs.c5.4xlarge",
                            "zones.0.available_instance_types.91": "ecs.sn2.13xlarge",
                            "zones.0.available_instance_types.92": "ecs.hfg5.14xlarge",
                            "zones.0.available_instance_types.93": "ecs.sn1ne.4xlarge",
                            "zones.0.available_instance_types.94": "ecs.r5.6xlarge",
                            "zones.0.available_instance_types.95": "ecs.mn4.4xlarge",
                            "zones.0.available_instance_types.96": "ecs.c5.xlarge",
                            "zones.0.available_instance_types.97": "ecs.hfc5.large",
                            "zones.0.available_instance_types.98": "ecs.se1ne.8xlarge",
                            "zones.0.available_instance_types.99": "ecs.mn4.small",
                            "zones.0.available_resource_creation.#": "4",
                            "zones.0.available_resource_creation.0": "VSwitch",
                            "zones.0.available_resource_creation.1": "IoOptimized",
                            "zones.0.available_resource_creation.2": "Instance",
                            "zones.0.available_resource_creation.3": "Disk",
                            "zones.0.id": "cn-qingdao-c",
                            "zones.0.local_name": "华北 1 可用区 C"
                        },
                        "meta": {},
                        "tainted": false
                    },
                    "deposed": [],
                    "provider": ""
                }
            },
            "depends_on": []
        }
    ]
}
