# This file is autogenerated, do not edit; changes may be undone by the next 'dep ensure'.


[[projects]]
  branch = "master"
  digest = "1:95a5d3b703c5a42a670bae2643f87f9d1009051cf8657b628945fb4022ab4de0"
  name = "github.com/alibabacloud-go/debug"
  packages = ["debug"]
  pruneopts = "NUT"
  revision = "9472017b5c6804c66e5d873fabd2a2a937b31e0b"

[[projects]]
  digest = "1:82a8710850743f334f23d34a1ab39d1dce3244cb1f3b31562dde585b0d221f44"
  name = "github.com/alibabacloud-go/tea"
  packages = [
    "tea",
    "utils",
  ]
  pruneopts = "NUT"
  revision = "b9ace42a5b69b64bf72f59cd6ae47f6dcac56775"
  version = "v1.1.20"

[[projects]]
  digest = "1:8e4e98827de318f109e2f2c9dedfbacd772adc1e1d81039c06b203e5a4a2add4"
  name = "github.com/alibabacloud-go/tea-rpc"
  packages = ["client"]
  pruneopts = "NUT"
  revision = "8cb3984c53799fcb54f7ecff81571035fd4bc1e9"
  source = "github.com/alibabacloud-go/tea-rpc"
  version = "v1.3.3"

[[projects]]
  digest = "1:8c8b742fd910741087d85a41a9df7035be9cb6a272d579a686b709d70d8c3110"
  name = "github.com/alibabacloud-go/tea-rpc-utils"
  packages = ["service"]
  pruneopts = "NUT"
  revision = "0d46694d60567d7a8f08d88e98269b7883518c7c"
  version = "v1.1.2"

[[projects]]
  digest = "1:71d6de643f7e30f6bfa833be70778297887f90d8feec62c5289138f33df9da5a"
  name = "github.com/alibabacloud-go/tea-utils"
  packages = ["service"]
  pruneopts = "NUT"
  revision = "c386a6961e5e59700cd33d47df60144f1b77f6d7"
  source = "github.com/alibabacloud-go/tea-utils"
  version = "v1.4.5"

[[projects]]
  digest = "1:68054fba1a6f137834f5c591ef5372431200c43c86f44bc995380be32c8ce4dc"
  name = "github.com/aliyun/alibaba-cloud-sdk-go"
  packages = [
    "sdk",
    "sdk/auth",
    "sdk/auth/credentials",
    "sdk/auth/credentials/provider",
    "sdk/auth/signers",
    "sdk/endpoints",
    "sdk/errors",
    "sdk/requests",
    "sdk/responses",
    "sdk/utils",
    "services/ecs",
    "services/location",
    "services/slb",
  ]
  pruneopts = "NUT"
  revision = "7a807875136654e7ca7fcdd5511cd72b14cc25ba"
  source = "github.com/aliyun/alibaba-cloud-sdk-go"
  version = "1.60.132"

[[projects]]
  digest = "1:07fe31362b2598c74fd45dded680f0953a24ec5822280dd449812774b498a899"
  name = "github.com/aliyun/aliyun-oss-go-sdk"
  packages = ["oss"]
  pruneopts = "NUT"
  revision = "c6838fdc33edd68aca9fed3a805f4303ca330b0c"
  version = "1.9.2"

[[projects]]
  digest = "1:a4090b8061801921c37b800473b58a359993a196c41fff61ae51dbcc812508ba"
  name = "github.com/aliyun/credentials-go"
  packages = [
    "credentials",
    "credentials/request",
    "credentials/response",
    "credentials/utils",
  ]
  pruneopts = "NUT"
  revision = "ca9459be0b717a68819192000cf1ec41324f93b7"
  source = "github.com/aliyun/credentials-go"
  version = "v1.2.7"

[[projects]]
  digest = "1:69b95d47eef70cba62af2aa3d33bd5f9ffe9fa0be66d79d79150c38796c6eac1"
  name = "github.com/bmatcuk/doublestar"
  packages = ["."]
  pruneopts = "NUT"
  revision = "b3608229437ba4dc33dae64d56a79a2a73f1f6b2"
  version = "v1.0.9"

[[projects]]
  branch = "master"
  digest = "1:58927c45bfdcd6550e5f1ab008eeeb6951474a232afa1dc690583f26c5f92cbd"
  name = "github.com/charlievieth/fs"
  packages = ["."]
  pruneopts = "NUT"
  revision = "7dc373669fa10ddf827c37c595dee30a2f001be9"

[[projects]]
  branch = "master"
  digest = "1:6b48145085df4401bc70473cc4da1a3b9f98a79232fe59855083eaaea90567c5"
  name = "github.com/cloudfoundry/bosh-utils"
  packages = [
    "errors",
    "logger",
    "system",
  ]
  pruneopts = "NUT"
  revision = "f4c293340f7527c63b0679a8eb6d4c25a70b31ef"

[[projects]]
  branch = "master"
  digest = "1:aecb6ccfebe248d6f913609842a0a790c3112b94172d9dd96224634cc2aa1f1a"
  name = "github.com/cppforlife/bosh-cpi-go"
  packages = [
    "apiv1",
    "rpc",
  ]
  pruneopts = "NUT"
  revision = "526823bbeafd8c7e244785ffcc2008ada1fa74f9"

[[projects]]
  digest = "1:1bb197a3b5db4e06e00b7560f8e89836c486627f2a0338332ed37daa003d259e"
  name = "github.com/google/uuid"
  packages = ["."]
  pruneopts = "NUT"
  revision = "064e2069ce9c359c118179501254f67d7d37ba24"
  version = "0.2"

[[projects]]
  digest = "1:7c818eb119c69fc685573449e8f799596ba81827074b006ff0cb71052424f254"
  name = "github.com/jmespath/go-jmespath"
  packages = ["."]
  pruneopts = "NUT"
  revision = "3433f3ea46d9f8019119e7dd41274e112a2359a9"
  version = "0.2.2"

[[projects]]
  digest = "1:92f6419f388bd31a433b1388910f15a882c9980e383e89ebf8fb2524583707ac"
  name = "github.com/json-iterator/go"
  packages = ["."]
  pruneopts = "NUT"
  revision = "27518f6661eba504be5a7a9a9f6d9460d892ade3"
  version = "v1.1.7"

[[projects]]
  digest = "1:2f42fa12d6911c7b7659738758631bec870b7e9b4c6be5444f963cdcfccc191f"
  name = "github.com/modern-go/concurrent"
  packages = ["."]
  pruneopts = "NUT"
  revision = "bacd9c7ef1dd9b15be4a9909b8ac7a4e313eec94"
  version = "1.0.3"

[[projects]]
  digest = "1:c6aca19413b13dc59c220ad7430329e2ec454cc310bc6d8de2c7e2b93c18a0f6"
  name = "github.com/modern-go/reflect2"
  packages = ["."]
  pruneopts = "NUT"
  revision = "4b7aa43c6742a2c18fdef89dd197aaae7dac7ccd"
  version = "1.0.1"

[[projects]]
  digest = "1:5b697f97f10bae724fa536263d20f158590eb44f9776c3d1714ffb9bddd6788a"
  name = "github.com/onsi/ginkgo"
  packages = [
    ".",
    "config",
    "ginkgo",
    "ginkgo/convert",
    "ginkgo/interrupthandler",
    "ginkgo/nodot",
    "ginkgo/testrunner",
    "ginkgo/testsuite",
    "ginkgo/watch",
    "internal/codelocation",
    "internal/containernode",
    "internal/failer",
    "internal/leafnodes",
    "internal/remote",
    "internal/spec",
    "internal/specrunner",
    "internal/suite",
    "internal/testingtproxy",
    "internal/writer",
    "reporters",
    "reporters/stenographer",
    "types",
  ]
  pruneopts = "NUT"
  revision = "462326b1628e124b23f42e87a8f2750e3c4e2d24"
  version = "v1.2.0"

[[projects]]
  digest = "1:dbc32e78111432cefebd2bae8a913581ccea31c1f79547aac1c431a8e1b28c55"
  name = "github.com/onsi/gomega"
  packages = [
    ".",
    "format",
    "internal/assertion",
    "internal/asyncassertion",
    "internal/oraclematcher",
    "internal/testingtsupport",
    "matchers",
    "matchers/support/goraph/bipartitegraph",
    "matchers/support/goraph/edge",
    "matchers/support/goraph/node",
    "matchers/support/goraph/util",
    "types",
  ]
  pruneopts = "NUT"
  revision = "334b8f472b3af5d541c5642701c1e29e2126f486"
  version = "v1.1.0"

[[projects]]
  digest = "1:2477c8e82584d24309ee7c48043976505469f45bd67d2574921818064a8b56f2"
  name = "golang.org/x/net"
  packages = [
    "internal/socks",
    "proxy",
  ]
  pruneopts = "NUT"
  revision = "dfa2b5dffd96fb2ae13e7d182501f0bce044a0a4"
  version = "v0.8.0"

[[projects]]
  digest = "1:643f6cb49dfafd006d393831dbc82df9b5ae09feb1ca2209c4905d200414c29d"
  name = "gopkg.in/ini.v1"
  packages = ["."]
  pruneopts = "NUT"
  revision = "d4cae42d398bc0095297fc3315669590d29166ea"
  version = "v1.46.0"

[[projects]]
  digest = "1:7c95b35057a0ff2e19f707173cc1a947fa43a6eb5c4d300d196ece0334046082"
  name = "gopkg.in/yaml.v2"
  packages = ["."]
  pruneopts = "NUT"
  revision = "5420a8b6744d3b0345ab293f6fcba19c978f1183"
  version = "v2.2.1"

[solve-meta]
  analyzer-name = "dep"
  analyzer-version = 1
  input-imports = [
    "github.com/alibabacloud-go/tea-rpc/client",
    "github.com/alibabacloud-go/tea-utils/service",
    "github.com/alibabacloud-go/tea/tea",
    "github.com/aliyun/alibaba-cloud-sdk-go/sdk",
    "github.com/aliyun/alibaba-cloud-sdk-go/sdk/auth",
    "github.com/aliyun/alibaba-cloud-sdk-go/sdk/auth/credentials",
    "github.com/aliyun/alibaba-cloud-sdk-go/sdk/endpoints",
    "github.com/aliyun/alibaba-cloud-sdk-go/sdk/errors",
    "github.com/aliyun/alibaba-cloud-sdk-go/sdk/requests",
    "github.com/aliyun/alibaba-cloud-sdk-go/services/ecs",
    "github.com/aliyun/alibaba-cloud-sdk-go/services/location",
    "github.com/aliyun/alibaba-cloud-sdk-go/services/slb",
    "github.com/aliyun/aliyun-oss-go-sdk/oss",
    "github.com/aliyun/credentials-go/credentials",
    "github.com/cloudfoundry/bosh-utils/errors",
    "github.com/cloudfoundry/bosh-utils/logger",
    "github.com/cloudfoundry/bosh-utils/system",
    "github.com/cppforlife/bosh-cpi-go/apiv1",
    "github.com/cppforlife/bosh-cpi-go/rpc",
    "github.com/google/uuid",
    "github.com/onsi/ginkgo",
    "github.com/onsi/ginkgo/ginkgo",
    "github.com/onsi/gomega",
  ]
  solver-name = "gps-cdcl"
  solver-version = 1
